
Microsoft Visual Studio Solution File, Format Version 12.00
# Visual Studio Version 17
VisualStudioVersion = 17.6.33829.357
MinimumVisualStudioVersion = 10.0.40219.1
Project("{FAE04EC0-301F-11D3-BF4B-00C04F79EFBC}") = "WebAPIDemo", "WebAPIDemo\WebAPIDemo.csproj", "{0852B535-36DD-4930-BFCB-A9E208DBD885}"
EndProject
Global
	GlobalSection(SolutionConfigurationPlatforms) = preSolution
		Debug|Any CPU = Debug|Any CPU
		Release|Any CPU = Release|Any CPU
	EndGlobalSection
	GlobalSection(ProjectConfigurationPlatforms) = postSolution
		{0852B535-36DD-4930-BFCB-A9E208DBD885}.Debug|Any CPU.ActiveCfg = Debug|Any CPU
		{0852B535-36DD-4930-BFCB-A9E208DBD885}.Debug|Any CPU.Build.0 = Debug|Any CPU
		{0852B535-36DD-4930-BFCB-A9E208DBD885}.Release|Any CPU.ActiveCfg = Release|Any CPU
		{0852B535-36DD-4930-BFCB-A9E208DBD885}.Release|Any CPU.Build.0 = Release|Any CPU
	EndGlobalSection
	GlobalSection(SolutionProperties) = preSolution
		HideSolutionNode = FALSE
	EndGlobalSection
	GlobalSection(ExtensibilityGlobals) = postSolution
		SolutionGuid = {6F56F649-25E9-4866-B75F-C1C3C6B4EA6E}
	EndGlobalSection
EndGlobal
